{
    "requires": true,
    "lockfileVersion": 1,
    "dependencies": {
        "axios": {
            "version": "0.17.1",
            "resolved": "https://registry.npmjs.org/axios/-/axios-0.17.1.tgz",
            "integrity": "sha1-LY4+XQvb1zJ/kbyBT1xXZg+Bgk0=",
            "dev": true
        },
        "bootstrap": {
            "version": "4.1.2",
            "resolved": "https://registry.npmjs.org/bootstrap/-/bootstrap-4.1.2.tgz",
            "integrity": "sha512-3bP609EdMc/8EwgGp8KgpN8HwnR4V4lZ9CTi5pImMrXNxpkw7dK1B05aMwQWpG1ZWmTLlBSN/uzkuz5GsmQNFA==",
            "dev": true
        },
        "bootstrap-datepicker": {
            "version": "1.8.0",
            "resolved": "https://registry.npmjs.org/bootstrap-datepicker/-/bootstrap-datepicker-1.8.0.tgz",
            "integrity": "sha512-213St/G8KT3mjs4qu4qwww74KWysMaIeqgq5OhrboZjIjemIpyuxlSo9FNNI5+KzpkkxkRRba+oewiRGV42B1A==",
            "dev": true
        },
        "bootswatch": {
            "version": "4.6.0",
            "resolved": "https://registry.npmjs.org/bootswatch/-/bootswatch-4.6.0.tgz",
            "integrity": "sha512-Yr6YqFBC8jwTzoJoLViYlvO97IhPWGqZEm+6FXHfD/G6gbUok6sZkdXxdh4Zb6iCGEwr9p7zGCn38yKQD/bh2Q==",
            "dev": true
        },
        "cross-env": {
            "version": "5.2.0",
            "resolved": "https://registry.npmjs.org/cross-env/-/cross-env-5.2.0.tgz",
            "integrity": "sha512-jtdNFfFW1hB7sMhr/H6rW1Z45LFqyI431m3qU6bFXcQ3Eh7LtBuG3h74o7ohHZ3crrRkkqHlo4jYHFPcjroANg==",
            "dev": true
        },
        "jquery": {
            "version": "3.3.1",
            "resolved": "https://registry.npmjs.org/jquery/-/jquery-3.3.1.tgz",
            "integrity": "sha512-Ubldcmxp5np52/ENotGxlLe6aGMvmF4R8S6tZjsP6Knsaxd/xp3Zrh50cG93lR6nPXyUFwzN3ZSOQI0wRJNdGg==",
            "dev": true
        },
        "laravel-mix": {
            "version": "2.1.11",
            "resolved": "https://registry.npmjs.org/laravel-mix/-/laravel-mix-2.1.11.tgz",
            "integrity": "sha512-+iDqVPOuHSq6Ng/WX0w8V2O7R8847u1N1jybB/AAuRca3nRw4iI9BNNJ307ViiXb1GulxKixLe67shPFatJjvQ==",
            "dev": true
        },
        "lodash": {
            "version": "4.17.21",
            "resolved": "https://registry.npmjs.org/lodash/-/lodash-4.17.21.tgz",
            "integrity": "sha512-v2kDEe57lecTulaDIuNTPy3Ry4gLGJ6Z1O3vE1krgXZNrsQ+LFTGHVxVjcXPs17LhbZVGedAJv8XZ1tvj5FvSg==",
            "dev": true
        },
        "moment": {
            "version": "2.22.2",
            "resolved": "https://registry.npmjs.org/moment/-/moment-2.22.2.tgz",
            "integrity": "sha1-PCV/mDn8DpP/UxSWMiOeuQeD/2Y=",
            "dev": true
        },
        "popper.js": {
            "version": "1.14.3",
            "resolved": "https://registry.npmjs.org/popper.js/-/popper.js-1.14.3.tgz",
            "integrity": "sha1-FDj5jQRqz3tNeM1QK/QYrGTU8JU=",
            "dev": true
        },
        "vue": {
            "version": "2.5.16",
            "resolved": "https://registry.npmjs.org/vue/-/vue-2.5.16.tgz",
            "integrity": "sha512-/ffmsiVuPC8PsWcFkZngdpas19ABm5mh2wA7iDqcltyCTwlgZjHGeJYOXkBMo422iPwIcviOtrTCUpSfXmToLQ==",
            "dev": true
        }
    }
}
